("quicklisp" .
 (:class qlot/source/dist:source-dist
  :initargs (:distribution "https://beta.quicklisp.org/dist/quicklisp.txt" :%version :latest)
  :version "2024-10-12"))
("jzon" .
 (:class qlot/source/github:source-github
  :initargs (:repos "Zulu-Inuoe/jzon" :ref nil :branch "main" :tag nil)
  :version "github-99b19fb18ab3555c04564a51a990db06ed1d8a23"))
